uuid: beb53fa3-9171-4b4e-a867-c52a594266c4
langcode: en
status: true
dependencies:
  config:
    - views.view.applications
  module:
    - node
    - views
  theme:
    - cffa_claro_subtheme
id: cffa_claro_subtheme_views_block__applications_discussion_block
theme: cffa_claro_subtheme
region: content
weight: -4
provider: null
plugin: 'views_block:applications-discussion_block'
settings:
  id: 'views_block:applications-discussion_block'
  label: ''
  label_display: visible
  provider: views
  context_mapping: {  }
  views_label: ''
  items_per_page: none
visibility:
  'entity_bundle:node':
    id: 'entity_bundle:node'
    negate: false
    context_mapping:
      node: '@node.node_route_context:node'
    bundles:
      grant_application: grant_application
